
Microsoft Visual Studio Solution File, Format Version 12.00
# Visual Studio Version 16
VisualStudioVersion = 16.0.31410.357
MinimumVisualStudioVersion = 10.0.40219.1
Project("{8BC9CEB8-8B4A-11D0-8D11-00A0C91BC942}") = "Microtes", "Microtes.vcxproj", "{E5EE7C8B-39D9-46B2-BE09-D50E02ABB23C}"
EndProject
Global
	GlobalSection(SolutionConfigurationPlatforms) = preSolution
		Debug|x64 = Debug|x64
		Debug|x86 = Debug|x86
		Release|x64 = Release|x64
		Release|x86 = Release|x86
	EndGlobalSection
	GlobalSection(ProjectConfigurationPlatforms) = postSolution
		{E5EE7C8B-39D9-46B2-BE09-D50E02ABB23C}.Debug|x64.ActiveCfg = Debug|x64
		{E5EE7C8B-39D9-46B2-BE09-D50E02ABB23C}.Debug|x64.Build.0 = Debug|x64
		{E5EE7C8B-39D9-46B2-BE09-D50E02ABB23C}.Debug|x86.ActiveCfg = Debug|Win32
		{E5EE7C8B-39D9-46B2-BE09-D50E02ABB23C}.Debug|x86.Build.0 = Debug|Win32
		{E5EE7C8B-39D9-46B2-BE09-D50E02ABB23C}.Release|x64.ActiveCfg = Release|x64
		{E5EE7C8B-39D9-46B2-BE09-D50E02ABB23C}.Release|x64.Build.0 = Release|x64
		{E5EE7C8B-39D9-46B2-BE09-D50E02ABB23C}.Release|x86.ActiveCfg = Release|Win32
		{E5EE7C8B-39D9-46B2-BE09-D50E02ABB23C}.Release|x86.Build.0 = Release|Win32
	EndGlobalSection
	GlobalSection(SolutionProperties) = preSolution
		HideSolutionNode = FALSE
	EndGlobalSection
	GlobalSection(ExtensibilityGlobals) = postSolution
		SolutionGuid = {DC5ED140-12BA-4D46-B9C2-701A31C5B636}
	EndGlobalSection
EndGlobal
